
Microsoft Visual Studio Solution File, Format Version 12.00
Project("{FAE04EC0-301F-11D3-BF4B-00C04F79EFBC}") = "ITHock.XarfReportGenerator", "ITHock.XarfReportGenerator\ITHock.XarfReportGenerator.csproj", "{67AE09FF-52BF-4DFC-87EF-9E2A5682DDD0}"
EndProject
Global
	GlobalSection(SolutionConfigurationPlatforms) = preSolution
		Debug|Any CPU = Debug|Any CPU
		Release|Any CPU = Release|Any CPU
	EndGlobalSection
	GlobalSection(ProjectConfigurationPlatforms) = postSolution
		{67AE09FF-52BF-4DFC-87EF-9E2A5682DDD0}.Debug|Any CPU.ActiveCfg = Debug|Any CPU
		{67AE09FF-52BF-4DFC-87EF-9E2A5682DDD0}.Debug|Any CPU.Build.0 = Debug|Any CPU
		{67AE09FF-52BF-4DFC-87EF-9E2A5682DDD0}.Release|Any CPU.ActiveCfg = Release|Any CPU
		{67AE09FF-52BF-4DFC-87EF-9E2A5682DDD0}.Release|Any CPU.Build.0 = Release|Any CPU
	EndGlobalSection
EndGlobal
